# This file is autogenerated, do not edit; changes may be undone by the next 'dep ensure'.


[[projects]]
  branch = "master"
  digest = "1:d2e2516655000a7ebb53da1099742fbf3982cb7f804a706067607b6a9de83a70"
  name = "github.com/go-ego/cedar"
  packages = ["."]
  pruneopts = "T"
  revision = "4fc66f191550e645bf2285eb0468bc59c249e90d"

[[projects]]
  branch = "master"
  digest = "1:8d619a93ac415c362b49ff3a8cd7c5b685244cd8e8ae0a945a592025074f0ce7"
  name = "github.com/go-ego/gse"
  packages = ["."]
  pruneopts = "T"
  revision = "7df3c69d68f9d288c9780fcfe7c6a7e529ba8322"

[solve-meta]
  analyzer-name = "dep"
  analyzer-version = 1
  input-imports = ["github.com/go-ego/gse"]
  solver-name = "gps-cdcl"
  solver-version = 1
