# This file is autogenerated, do not edit; changes may be undone by the next 'dep ensure'.


[[projects]]
  digest = "1:309a5c81275fda7e234a6601cfbfea00b68e881d981d6c3229d562d9a67bde07"
  name = "github.com/ikawaha/kagome"
  packages = [
    "internal/da",
    "internal/dic",
    "internal/dic/data",
    "internal/lattice",
    "tokenizer",
  ]
  pruneopts = "UT"
  revision = "f066253ac079561f78be9bbb04a5492aa61b6e29"
  version = "v1.8.1"

[solve-meta]
  analyzer-name = "dep"
  analyzer-version = 1
  input-imports = ["github.com/ikawaha/kagome/tokenizer"]
  solver-name = "gps-cdcl"
  solver-version = 1
